// !$*UTF8*$!
{
	archiveVersion = 1;
	classes = {
	};
	objectVersion = 56;
	objects = {

/* Begin PBXBuildFile section */
		640AFB792A20113900A31EAF /* Splash.swift in Sources */ = {isa = PBXBuildFile; fileRef = 640AFB782A20113900A31EAF /* Splash.swift */; };
		640AFB8B2A20293100A31EAF /* ButtonSelector.swift in Sources */ = {isa = PBXBuildFile; fileRef = 640AFB8A2A20293100A31EAF /* ButtonSelector.swift */; };
		640AFB932A20295200A31EAF /* TestesTelasHortcult.swift in Sources */ = {isa = PBXBuildFile; fileRef = 640AFB8C2A20295200A31EAF /* TestesTelasHortcult.swift */; };
		640AFB942A20295200A31EAF /* SecondButton.swift in Sources */ = {isa = PBXBuildFile; fileRef = 640AFB8D2A20295200A31EAF /* SecondButton.swift */; };
		640AFB952A20295200A31EAF /* TittleSelector.swift in Sources */ = {isa = PBXBuildFile; fileRef = 640AFB8E2A20295200A31EAF /* TittleSelector.swift */; };
		640AFB962A20295200A31EAF /* ImageSelector.swift in Sources */ = {isa = PBXBuildFile; fileRef = 640AFB8F2A20295200A31EAF /* ImageSelector.swift */; };
		640AFB972A20295200A31EAF /* Description.swift in Sources */ = {isa = PBXBuildFile; fileRef = 640AFB902A20295200A31EAF /* Description.swift */; };
		640AFB982A20295200A31EAF /* HortCultLogo.swift in Sources */ = {isa = PBXBuildFile; fileRef = 640AFB912A20295200A31EAF /* HortCultLogo.swift */; };
		640AFB992A20295200A31EAF /* TesteScrowview.swift in Sources */ = {isa = PBXBuildFile; fileRef = 640AFB922A20295200A31EAF /* TesteScrowview.swift */; };
		640AFB9B2A2029FC00A31EAF /* Onboarding01.swift in Sources */ = {isa = PBXBuildFile; fileRef = 640AFB9A2A2029FC00A31EAF /* Onboarding01.swift */; };
		640AFB9D2A2032F100A31EAF /* Onboarding02.swift in Sources */ = {isa = PBXBuildFile; fileRef = 640AFB9C2A2032F100A31EAF /* Onboarding02.swift */; };
		640AFB9F2A20349800A31EAF /* Onboarding03.swift in Sources */ = {isa = PBXBuildFile; fileRef = 640AFB9E2A20349800A31EAF /* Onboarding03.swift */; };
		640B03FC2A215ADE00C66A2A /* Onboarding04.swift in Sources */ = {isa = PBXBuildFile; fileRef = 640B03FB2A215ADE00C66A2A /* Onboarding04.swift */; };
		640B04022A217C0100C66A2A /* TestePseudoHome.swift in Sources */ = {isa = PBXBuildFile; fileRef = 640B04012A217C0100C66A2A /* TestePseudoHome.swift */; };
		641629462A2569D20081493F /* HomeSplash.swift in Sources */ = {isa = PBXBuildFile; fileRef = 641629452A2569D20081493F /* HomeSplash.swift */; };
		6417D96E2A26AD5900479BE2 /* TesteNavigationBarView.swift in Sources */ = {isa = PBXBuildFile; fileRef = 6417D96D2A26AD5900479BE2 /* TesteNavigationBarView.swift */; };
		6417D9712A26AD6A00479BE2 /* CustomNavigationBarView.swift in Sources */ = {isa = PBXBuildFile; fileRef = 6417D9702A26AD6A00479BE2 /* CustomNavigationBarView.swift */; };
		642EEC2F2A1D8648009206D2 /* Satoshi-Black.otf in Resources */ = {isa = PBXBuildFile; fileRef = 642EEC252A1D8647009206D2 /* Satoshi-Black.otf */; };
		642EEC302A1D8648009206D2 /* Satoshi-Italic.otf in Resources */ = {isa = PBXBuildFile; fileRef = 642EEC262A1D8647009206D2 /* Satoshi-Italic.otf */; };
		642EEC312A1D8648009206D2 /* Satoshi-LightItalic.otf in Resources */ = {isa = PBXBuildFile; fileRef = 642EEC272A1D8647009206D2 /* Satoshi-LightItalic.otf */; };
		642EEC322A1D8648009206D2 /* Satoshi-Medium.otf in Resources */ = {isa = PBXBuildFile; fileRef = 642EEC282A1D8647009206D2 /* Satoshi-Medium.otf */; };
		642EEC332A1D8648009206D2 /* Satoshi-Regular.otf in Resources */ = {isa = PBXBuildFile; fileRef = 642EEC292A1D8647009206D2 /* Satoshi-Regular.otf */; };
		642EEC342A1D8648009206D2 /* Satoshi-Bold.otf in Resources */ = {isa = PBXBuildFile; fileRef = 642EEC2A2A1D8648009206D2 /* Satoshi-Bold.otf */; };
		642EEC352A1D8648009206D2 /* Satoshi-Light.otf in Resources */ = {isa = PBXBuildFile; fileRef = 642EEC2B2A1D8648009206D2 /* Satoshi-Light.otf */; };
		642EEC362A1D8648009206D2 /* Satoshi-BlackItalic.otf in Resources */ = {isa = PBXBuildFile; fileRef = 642EEC2C2A1D8648009206D2 /* Satoshi-BlackItalic.otf */; };
		642EEC372A1D8648009206D2 /* Satoshi-MediumItalic.otf in Resources */ = {isa = PBXBuildFile; fileRef = 642EEC2D2A1D8648009206D2 /* Satoshi-MediumItalic.otf */; };
		642EEC382A1D8648009206D2 /* Satoshi-BoldItalic.otf in Resources */ = {isa = PBXBuildFile; fileRef = 642EEC2E2A1D8648009206D2 /* Satoshi-BoldItalic.otf */; };
		6438A9202A1D7730006021DA /* HortCultApp.swift in Sources */ = {isa = PBXBuildFile; fileRef = 6438A91F2A1D7730006021DA /* HortCultApp.swift */; };
		6438A9222A1D7730006021DA /* ContentView.swift in Sources */ = {isa = PBXBuildFile; fileRef = 6438A9212A1D7730006021DA /* ContentView.swift */; };
		6438A9242A1D7731006021DA /* Assets.xcassets in Resources */ = {isa = PBXBuildFile; fileRef = 6438A9232A1D7731006021DA /* Assets.xcassets */; };
		6438A9272A1D7731006021DA /* Preview Assets.xcassets in Resources */ = {isa = PBXBuildFile; fileRef = 6438A9262A1D7731006021DA /* Preview Assets.xcassets */; };
		6438A9292A1D7731006021DA /* Persistence.swift in Sources */ = {isa = PBXBuildFile; fileRef = 6438A9282A1D7731006021DA /* Persistence.swift */; };
		6438A92C2A1D7731006021DA /* HortCult.xcdatamodeld in Sources */ = {isa = PBXBuildFile; fileRef = 6438A92A2A1D7731006021DA /* HortCult.xcdatamodeld */; };
		6467266A2A2A9E01003A981F /* InformationView.swift in Sources */ = {isa = PBXBuildFile; fileRef = 6467265F2A2A9E01003A981F /* InformationView.swift */; };
		6467266B2A2A9E01003A981F /* ImagesListView.swift in Sources */ = {isa = PBXBuildFile; fileRef = 646726612A2A9E01003A981F /* ImagesListView.swift */; };
		6467266C2A2A9E01003A981F /* TestCustomNavBarInfoView.swift in Sources */ = {isa = PBXBuildFile; fileRef = 646726632A2A9E01003A981F /* TestCustomNavBarInfoView.swift */; };
		6467266D2A2A9E01003A981F /* CustomNavBarInfoView.swift in Sources */ = {isa = PBXBuildFile; fileRef = 646726642A2A9E01003A981F /* CustomNavBarInfoView.swift */; };
		6467266E2A2A9E01003A981F /* TestCardProxRegaView.swift in Sources */ = {isa = PBXBuildFile; fileRef = 646726662A2A9E01003A981F /* TestCardProxRegaView.swift */; };
		6467266F2A2A9E01003A981F /* CardProxRegaView.swift in Sources */ = {isa = PBXBuildFile; fileRef = 646726672A2A9E01003A981F /* CardProxRegaView.swift */; };
		646726702A2A9E01003A981F /* DescriptionPlant.swift in Sources */ = {isa = PBXBuildFile; fileRef = 646726692A2A9E01003A981F /* DescriptionPlant.swift */; };
		646726732A2A9E43003A981F /* TabBar.swift in Sources */ = {isa = PBXBuildFile; fileRef = 646726722A2A9E43003A981F /* TabBar.swift */; };
		64FC8EC02A26ACAB002AAA33 /* PlantListView.swift in Sources */ = {isa = PBXBuildFile; fileRef = 64FC8EBF2A26ACAB002AAA33 /* PlantListView.swift */; };
		64FC8EC22A26ADE7002AAA33 /* TestPlantListView.swift in Sources */ = {isa = PBXBuildFile; fileRef = 64FC8EC12A26ADE7002AAA33 /* TestPlantListView.swift */; };
/* End PBXBuildFile section */

/* Begin PBXFileReference section */
		640AFB782A20113900A31EAF /* Splash.swift */ = {isa = PBXFileReference; lastKnownFileType = sourcecode.swift; path = Splash.swift; sourceTree = "<group>"; };
		640AFB8A2A20293100A31EAF /* ButtonSelector.swift */ = {isa = PBXFileReference; fileEncoding = 4; lastKnownFileType = sourcecode.swift; path = ButtonSelector.swift; sourceTree = "<group>"; };
		640AFB8C2A20295200A31EAF /* TestesTelasHortcult.swift */ = {isa = PBXFileReference; fileEncoding = 4; lastKnownFileType = sourcecode.swift; path = TestesTelasHortcult.swift; sourceTree = "<group>"; };
		640AFB8D2A20295200A31EAF /* SecondButton.swift */ = {isa = PBXFileReference; fileEncoding = 4; lastKnownFileType = sourcecode.swift; path = SecondButton.swift; sourceTree = "<group>"; };
		640AFB8E2A20295200A31EAF /* TittleSelector.swift */ = {isa = PBXFileReference; fileEncoding = 4; lastKnownFileType = sourcecode.swift; path = TittleSelector.swift; sourceTree = "<group>"; };
		640AFB8F2A20295200A31EAF /* ImageSelector.swift */ = {isa = PBXFileReference; fileEncoding = 4; lastKnownFileType = sourcecode.swift; path = ImageSelector.swift; sourceTree = "<group>"; };
		640AFB902A20295200A31EAF /* Description.swift */ = {isa = PBXFileReference; fileEncoding = 4; lastKnownFileType = sourcecode.swift; path = Description.swift; sourceTree = "<group>"; };
		640AFB912A20295200A31EAF /* HortCultLogo.swift */ = {isa = PBXFileReference; fileEncoding = 4; lastKnownFileType = sourcecode.swift; path = HortCultLogo.swift; sourceTree = "<group>"; };
		640AFB922A20295200A31EAF /* TesteScrowview.swift */ = {isa = PBXFileReference; fileEncoding = 4; lastKnownFileType = sourcecode.swift; path = TesteScrowview.swift; sourceTree = "<group>"; };
		640AFB9A2A2029FC00A31EAF /* Onboarding01.swift */ = {isa = PBXFileReference; lastKnownFileType = sourcecode.swift; path = Onboarding01.swift; sourceTree = "<group>"; };
		640AFB9C2A2032F100A31EAF /* Onboarding02.swift */ = {isa = PBXFileReference; lastKnownFileType = sourcecode.swift; path = Onboarding02.swift; sourceTree = "<group>"; };
		640AFB9E2A20349800A31EAF /* Onboarding03.swift */ = {isa = PBXFileReference; lastKnownFileType = sourcecode.swift; path = Onboarding03.swift; sourceTree = "<group>"; };
		640B03FB2A215ADE00C66A2A /* Onboarding04.swift */ = {isa = PBXFileReference; lastKnownFileType = sourcecode.swift; path = Onboarding04.swift; sourceTree = "<group>"; };
		640B04012A217C0100C66A2A /* TestePseudoHome.swift */ = {isa = PBXFileReference; lastKnownFileType = sourcecode.swift; path = TestePseudoHome.swift; sourceTree = "<group>"; };
		641629452A2569D20081493F /* HomeSplash.swift */ = {isa = PBXFileReference; lastKnownFileType = sourcecode.swift; path = HomeSplash.swift; sourceTree = "<group>"; };
		6417D96D2A26AD5900479BE2 /* TesteNavigationBarView.swift */ = {isa = PBXFileReference; fileEncoding = 4; lastKnownFileType = sourcecode.swift; path = TesteNavigationBarView.swift; sourceTree = "<group>"; };
		6417D9702A26AD6A00479BE2 /* CustomNavigationBarView.swift */ = {isa = PBXFileReference; fileEncoding = 4; lastKnownFileType = sourcecode.swift; path = CustomNavigationBarView.swift; sourceTree = "<group>"; };
		642EEC252A1D8647009206D2 /* Satoshi-Black.otf */ = {isa = PBXFileReference; lastKnownFileType = file; path = "Satoshi-Black.otf"; sourceTree = "<group>"; };
		642EEC262A1D8647009206D2 /* Satoshi-Italic.otf */ = {isa = PBXFileReference; lastKnownFileType = file; path = "Satoshi-Italic.otf"; sourceTree = "<group>"; };
		642EEC272A1D8647009206D2 /* Satoshi-LightItalic.otf */ = {isa = PBXFileReference; lastKnownFileType = file; path = "Satoshi-LightItalic.otf"; sourceTree = "<group>"; };
		642EEC282A1D8647009206D2 /* Satoshi-Medium.otf */ = {isa = PBXFileReference; lastKnownFileType = file; path = "Satoshi-Medium.otf"; sourceTree = "<group>"; };
		642EEC292A1D8647009206D2 /* Satoshi-Regular.otf */ = {isa = PBXFileReference; lastKnownFileType = file; path = "Satoshi-Regular.otf"; sourceTree = "<group>"; };
		642EEC2A2A1D8648009206D2 /* Satoshi-Bold.otf */ = {isa = PBXFileReference; lastKnownFileType = file; path = "Satoshi-Bold.otf"; sourceTree = "<group>"; };
		642EEC2B2A1D8648009206D2 /* Satoshi-Light.otf */ = {isa = PBXFileReference; lastKnownFileType = file; path = "Satoshi-Light.otf"; sourceTree = "<group>"; };
		642EEC2C2A1D8648009206D2 /* Satoshi-BlackItalic.otf */ = {isa = PBXFileReference; lastKnownFileType = file; path = "Satoshi-BlackItalic.otf"; sourceTree = "<group>"; };
		642EEC2D2A1D8648009206D2 /* Satoshi-MediumItalic.otf */ = {isa = PBXFileReference; lastKnownFileType = file; path = "Satoshi-MediumItalic.otf"; sourceTree = "<group>"; };
		642EEC2E2A1D8648009206D2 /* Satoshi-BoldItalic.otf */ = {isa = PBXFileReference; lastKnownFileType = file; path = "Satoshi-BoldItalic.otf"; sourceTree = "<group>"; };
		6438A91C2A1D7730006021DA /* HortCult.app */ = {isa = PBXFileReference; explicitFileType = wrapper.application; includeInIndex = 0; path = HortCult.app; sourceTree = BUILT_PRODUCTS_DIR; };
		6438A91F2A1D7730006021DA /* HortCultApp.swift */ = {isa = PBXFileReference; lastKnownFileType = sourcecode.swift; path = HortCultApp.swift; sourceTree = "<group>"; };
		6438A9212A1D7730006021DA /* ContentView.swift */ = {isa = PBXFileReference; lastKnownFileType = sourcecode.swift; path = ContentView.swift; sourceTree = "<group>"; };
		6438A9232A1D7731006021DA /* Assets.xcassets */ = {isa = PBXFileReference; lastKnownFileType = folder.assetcatalog; path = Assets.xcassets; sourceTree = "<group>"; };
		6438A9262A1D7731006021DA /* Preview Assets.xcassets */ = {isa = PBXFileReference; lastKnownFileType = folder.assetcatalog; path = "Preview Assets.xcassets"; sourceTree = "<group>"; };
		6438A9282A1D7731006021DA /* Persistence.swift */ = {isa = PBXFileReference; lastKnownFileType = sourcecode.swift; path = Persistence.swift; sourceTree = "<group>"; };
		6438A92B2A1D7731006021DA /* HortCult.xcdatamodel */ = {isa = PBXFileReference; lastKnownFileType = wrapper.xcdatamodel; path = HortCult.xcdatamodel; sourceTree = "<group>"; };
		6467265F2A2A9E01003A981F /* InformationView.swift */ = {isa = PBXFileReference; fileEncoding = 4; lastKnownFileType = sourcecode.swift; path = InformationView.swift; sourceTree = "<group>"; };
		646726612A2A9E01003A981F /* ImagesListView.swift */ = {isa = PBXFileReference; fileEncoding = 4; lastKnownFileType = sourcecode.swift; path = ImagesListView.swift; sourceTree = "<group>"; };
		646726632A2A9E01003A981F /* TestCustomNavBarInfoView.swift */ = {isa = PBXFileReference; fileEncoding = 4; lastKnownFileType = sourcecode.swift; path = TestCustomNavBarInfoView.swift; sourceTree = "<group>"; };
		646726642A2A9E01003A981F /* CustomNavBarInfoView.swift */ = {isa = PBXFileReference; fileEncoding = 4; lastKnownFileType = sourcecode.swift; path = CustomNavBarInfoView.swift; sourceTree = "<group>"; };
		646726662A2A9E01003A981F /* TestCardProxRegaView.swift */ = {isa = PBXFileReference; fileEncoding = 4; lastKnownFileType = sourcecode.swift; path = TestCardProxRegaView.swift; sourceTree = "<group>"; };
		646726672A2A9E01003A981F /* CardProxRegaView.swift */ = {isa = PBXFileReference; fileEncoding = 4; lastKnownFileType = sourcecode.swift; path = CardProxRegaView.swift; sourceTree = "<group>"; };
		646726692A2A9E01003A981F /* DescriptionPlant.swift */ = {isa = PBXFileReference; fileEncoding = 4; lastKnownFileType = sourcecode.swift; path = DescriptionPlant.swift; sourceTree = "<group>"; };
		646726722A2A9E43003A981F /* TabBar.swift */ = {isa = PBXFileReference; lastKnownFileType = sourcecode.swift; path = TabBar.swift; sourceTree = "<group>"; };
		64FC8EBF2A26ACAB002AAA33 /* PlantListView.swift */ = {isa = PBXFileReference; lastKnownFileType = sourcecode.swift; path = PlantListView.swift; sourceTree = "<group>"; };
		64FC8EC12A26ADE7002AAA33 /* TestPlantListView.swift */ = {isa = PBXFileReference; lastKnownFileType = sourcecode.swift; path = TestPlantListView.swift; sourceTree = "<group>"; };
/* End PBXFileReference section */

/* Begin PBXFrameworksBuildPhase section */
		6438A9192A1D7730006021DA /* Frameworks */ = {
			isa = PBXFrameworksBuildPhase;
			buildActionMask = 2147483647;
			files = (
			);
			runOnlyForDeploymentPostprocessing = 0;
		};
/* End PBXFrameworksBuildPhase section */

/* Begin PBXGroup section */
		640AFB642A200E3B00A31EAF /* Views */ = {
			isa = PBXGroup;
			children = (
				646726712A2A9E22003A981F /* TabBar */,
				646726652A2A9E01003A981F /* CardProxRega */,
				646726622A2A9E01003A981F /* CustomNavBarInfo */,
				646726602A2A9E01003A981F /* ImagesList */,
				646726682A2A9E01003A981F /* InfoPlant */,
				6467265E2A2A9E01003A981F /* InformationScreen */,
				6417D96C2A26AD4600479BE2 /* NavBar */,
				64FC8EBE2A26AC77002AAA33 /* PlantList */,
				640AFB652A200E6500A31EAF /* Onboarding */,
			);
			path = Views;
			sourceTree = "<group>";
		};
		640AFB652A200E6500A31EAF /* Onboarding */ = {
			isa = PBXGroup;
			children = (
				640AFB902A20295200A31EAF /* Description.swift */,
				640AFB912A20295200A31EAF /* HortCultLogo.swift */,
				640AFB8F2A20295200A31EAF /* ImageSelector.swift */,
				640AFB8D2A20295200A31EAF /* SecondButton.swift */,
				640AFB922A20295200A31EAF /* TesteScrowview.swift */,
				640AFB8C2A20295200A31EAF /* TestesTelasHortcult.swift */,
				640AFB8E2A20295200A31EAF /* TittleSelector.swift */,
				640AFB8A2A20293100A31EAF /* ButtonSelector.swift */,
				640AFB782A20113900A31EAF /* Splash.swift */,
				641629452A2569D20081493F /* HomeSplash.swift */,
				640AFB9A2A2029FC00A31EAF /* Onboarding01.swift */,
				640AFB9C2A2032F100A31EAF /* Onboarding02.swift */,
				640AFB9E2A20349800A31EAF /* Onboarding03.swift */,
				640B03FB2A215ADE00C66A2A /* Onboarding04.swift */,
				640B04012A217C0100C66A2A /* TestePseudoHome.swift */,
			);
			path = Onboarding;
			sourceTree = "<group>";
		};
		6417D96C2A26AD4600479BE2 /* NavBar */ = {
			isa = PBXGroup;
			children = (
				6417D9702A26AD6A00479BE2 /* CustomNavigationBarView.swift */,
				6417D96D2A26AD5900479BE2 /* TesteNavigationBarView.swift */,
			);
			path = NavBar;
			sourceTree = "<group>";
		};
		642EEC242A1D8607009206D2 /* Tipografia */ = {
			isa = PBXGroup;
			children = (
				642EEC252A1D8647009206D2 /* Satoshi-Black.otf */,
				642EEC2C2A1D8648009206D2 /* Satoshi-BlackItalic.otf */,
				642EEC2A2A1D8648009206D2 /* Satoshi-Bold.otf */,
				642EEC2E2A1D8648009206D2 /* Satoshi-BoldItalic.otf */,
				642EEC262A1D8647009206D2 /* Satoshi-Italic.otf */,
				642EEC2B2A1D8648009206D2 /* Satoshi-Light.otf */,
				642EEC272A1D8647009206D2 /* Satoshi-LightItalic.otf */,
				642EEC282A1D8647009206D2 /* Satoshi-Medium.otf */,
				642EEC2D2A1D8648009206D2 /* Satoshi-MediumItalic.otf */,
				642EEC292A1D8647009206D2 /* Satoshi-Regular.otf */,
			);
			path = Tipografia;
			sourceTree = "<group>";
		};
		6438A9132A1D7730006021DA = {
			isa = PBXGroup;
			children = (
				6438A91E2A1D7730006021DA /* HortCult */,
				6438A91D2A1D7730006021DA /* Products */,
				6467265D2A2A9D42003A981F /* Recovered References */,
			);
			sourceTree = "<group>";
		};
		6438A91D2A1D7730006021DA /* Products */ = {
			isa = PBXGroup;
			children = (
				6438A91C2A1D7730006021DA /* HortCult.app */,
			);
			name = Products;
			sourceTree = "<group>";
		};
		6438A91E2A1D7730006021DA /* HortCult */ = {
			isa = PBXGroup;
			children = (
				640AFB642A200E3B00A31EAF /* Views */,
				642EEC242A1D8607009206D2 /* Tipografia */,
				6438A91F2A1D7730006021DA /* HortCultApp.swift */,
				6438A9212A1D7730006021DA /* ContentView.swift */,
				6438A9232A1D7731006021DA /* Assets.xcassets */,
				6438A9282A1D7731006021DA /* Persistence.swift */,
				6438A92A2A1D7731006021DA /* HortCult.xcdatamodeld */,
				6438A9252A1D7731006021DA /* Preview Content */,
			);
			path = HortCult;
			sourceTree = "<group>";
		};
		6438A9252A1D7731006021DA /* Preview Content */ = {
			isa = PBXGroup;
			children = (
				6438A9262A1D7731006021DA /* Preview Assets.xcassets */,
			);
			path = "Preview Content";
			sourceTree = "<group>";
		};
		6467265D2A2A9D42003A981F /* Recovered References */ = {
			isa = PBXGroup;
			children = (
			);
			name = "Recovered References";
			sourceTree = "<group>";
		};
		6467265E2A2A9E01003A981F /* InformationScreen */ = {
			isa = PBXGroup;
			children = (
				6467265F2A2A9E01003A981F /* InformationView.swift */,
			);
			path = InformationScreen;
			sourceTree = "<group>";
		};
		646726602A2A9E01003A981F /* ImagesList */ = {
			isa = PBXGroup;
			children = (
				646726612A2A9E01003A981F /* ImagesListView.swift */,
			);
			path = ImagesList;
			sourceTree = "<group>";
		};
		646726622A2A9E01003A981F /* CustomNavBarInfo */ = {
			isa = PBXGroup;
			children = (
				646726632A2A9E01003A981F /* TestCustomNavBarInfoView.swift */,
				646726642A2A9E01003A981F /* CustomNavBarInfoView.swift */,
			);
			path = CustomNavBarInfo;
			sourceTree = "<group>";
		};
		646726652A2A9E01003A981F /* CardProxRega */ = {
			isa = PBXGroup;
			children = (
				646726662A2A9E01003A981F /* TestCardProxRegaView.swift */,
				646726672A2A9E01003A981F /* CardProxRegaView.swift */,
			);
			path = CardProxRega;
			sourceTree = "<group>";
		};
		646726682A2A9E01003A981F /* InfoPlant */ = {
			isa = PBXGroup;
			children = (
				646726692A2A9E01003A981F /* DescriptionPlant.swift */,
			);
			path = InfoPlant;
			sourceTree = "<group>";
		};
		646726712A2A9E22003A981F /* TabBar */ = {
			isa = PBXGroup;
			children = (
				646726722A2A9E43003A981F /* TabBar.swift */,
			);
			path = TabBar;
			sourceTree = "<group>";
		};
		64FC8EBE2A26AC77002AAA33 /* PlantList */ = {
			isa = PBXGroup;
			children = (
				64FC8EBF2A26ACAB002AAA33 /* PlantListView.swift */,
				64FC8EC12A26ADE7002AAA33 /* TestPlantListView.swift */,
			);
			path = PlantList;
			sourceTree = "<group>";
		};
/* End PBXGroup section */

/* Begin PBXNativeTarget section */
		6438A91B2A1D7730006021DA /* HortCult */ = {
			isa = PBXNativeTarget;
			buildConfigurationList = 6438A92F2A1D7731006021DA /* Build configuration list for PBXNativeTarget "HortCult" */;
			buildPhases = (
				6438A9182A1D7730006021DA /* Sources */,
				6438A9192A1D7730006021DA /* Frameworks */,
				6438A91A2A1D7730006021DA /* Resources */,
			);
			buildRules = (
			);
			dependencies = (
			);
			name = HortCult;
			productName = HortCult;
			productReference = 6438A91C2A1D7730006021DA /* HortCult.app */;
			productType = "com.apple.product-type.application";
		};
/* End PBXNativeTarget section */

/* Begin PBXProject section */
		6438A9142A1D7730006021DA /* Project object */ = {
			isa = PBXProject;
			attributes = {
				BuildIndependentTargetsInParallel = 1;
				LastSwiftUpdateCheck = 1430;
				LastUpgradeCheck = 1430;
				TargetAttributes = {
					6438A91B2A1D7730006021DA = {
						CreatedOnToolsVersion = 14.3;
					};
				};
			};
			buildConfigurationList = 6438A9172A1D7730006021DA /* Build configuration list for PBXProject "HortCult" */;
			compatibilityVersion = "Xcode 14.0";
			developmentRegion = en;
			hasScannedForEncodings = 0;
			knownRegions = (
				en,
				Base,
			);
			mainGroup = 6438A9132A1D7730006021DA;
			productRefGroup = 6438A91D2A1D7730006021DA /* Products */;
			projectDirPath = "";
			projectRoot = "";
			targets = (
				6438A91B2A1D7730006021DA /* HortCult */,
			);
		};
/* End PBXProject section */

/* Begin PBXResourcesBuildPhase section */
		6438A91A2A1D7730006021DA /* Resources */ = {
			isa = PBXResourcesBuildPhase;
			buildActionMask = 2147483647;
			files = (
				642EEC342A1D8648009206D2 /* Satoshi-Bold.otf in Resources */,
				6438A9272A1D7731006021DA /* Preview Assets.xcassets in Resources */,
				642EEC2F2A1D8648009206D2 /* Satoshi-Black.otf in Resources */,
				642EEC322A1D8648009206D2 /* Satoshi-Medium.otf in Resources */,
				642EEC372A1D8648009206D2 /* Satoshi-MediumItalic.otf in Resources */,
				6438A9242A1D7731006021DA /* Assets.xcassets in Resources */,
				642EEC362A1D8648009206D2 /* Satoshi-BlackItalic.otf in Resources */,
				642EEC352A1D8648009206D2 /* Satoshi-Light.otf in Resources */,
				642EEC382A1D8648009206D2 /* Satoshi-BoldItalic.otf in Resources */,
				642EEC302A1D8648009206D2 /* Satoshi-Italic.otf in Resources */,
				642EEC332A1D8648009206D2 /* Satoshi-Regular.otf in Resources */,
				642EEC312A1D8648009206D2 /* Satoshi-LightItalic.otf in Resources */,
			);
			runOnlyForDeploymentPostprocessing = 0;
		};
/* End PBXResourcesBuildPhase section */

/* Begin PBXSourcesBuildPhase section */
		6438A9182A1D7730006021DA /* Sources */ = {
			isa = PBXSourcesBuildPhase;
			buildActionMask = 2147483647;
			files = (
				640AFB972A20295200A31EAF /* Description.swift in Sources */,
				6467266C2A2A9E01003A981F /* TestCustomNavBarInfoView.swift in Sources */,
				640AFB792A20113900A31EAF /* Splash.swift in Sources */,
				641629462A2569D20081493F /* HomeSplash.swift in Sources */,
				640B04022A217C0100C66A2A /* TestePseudoHome.swift in Sources */,
				6467266D2A2A9E01003A981F /* CustomNavBarInfoView.swift in Sources */,
				6467266E2A2A9E01003A981F /* TestCardProxRegaView.swift in Sources */,
				640AFB8B2A20293100A31EAF /* ButtonSelector.swift in Sources */,
				6467266F2A2A9E01003A981F /* CardProxRegaView.swift in Sources */,
				640AFB9F2A20349800A31EAF /* Onboarding03.swift in Sources */,
				640AFB9B2A2029FC00A31EAF /* Onboarding01.swift in Sources */,
				640AFB992A20295200A31EAF /* TesteScrowview.swift in Sources */,
				6417D9712A26AD6A00479BE2 /* CustomNavigationBarView.swift in Sources */,
				6467266A2A2A9E01003A981F /* InformationView.swift in Sources */,
				640AFB932A20295200A31EAF /* TestesTelasHortcult.swift in Sources */,
				6438A9292A1D7731006021DA /* Persistence.swift in Sources */,
				640AFB982A20295200A31EAF /* HortCultLogo.swift in Sources */,
				6438A9222A1D7730006021DA /* ContentView.swift in Sources */,
				64FC8EC02A26ACAB002AAA33 /* PlantListView.swift in Sources */,
				640AFB942A20295200A31EAF /* SecondButton.swift in Sources */,
				640AFB952A20295200A31EAF /* TittleSelector.swift in Sources */,
				6438A92C2A1D7731006021DA /* HortCult.xcdatamodeld in Sources */,
				640AFB9D2A2032F100A31EAF /* Onboarding02.swift in Sources */,
				6467266B2A2A9E01003A981F /* ImagesListView.swift in Sources */,
				646726702A2A9E01003A981F /* DescriptionPlant.swift in Sources */,
				6417D96E2A26AD5900479BE2 /* TesteNavigationBarView.swift in Sources */,
				64FC8EC22A26ADE7002AAA33 /* TestPlantListView.swift in Sources */,
				640AFB962A20295200A31EAF /* ImageSelector.swift in Sources */,
				6438A9202A1D7730006021DA /* HortCultApp.swift in Sources */,
				640B03FC2A215ADE00C66A2A /* Onboarding04.swift in Sources */,
				646726732A2A9E43003A981F /* TabBar.swift in Sources */,
			);
			runOnlyForDeploymentPostprocessing = 0;
		};
/* End PBXSourcesBuildPhase section */

/* Begin XCBuildConfiguration section */
		6438A92D2A1D7731006021DA /* Debug */ = {
			isa = XCBuildConfiguration;
			buildSettings = {
				ALWAYS_SEARCH_USER_PATHS = NO;
				CLANG_ANALYZER_NONNULL = YES;
				CLANG_ANALYZER_NUMBER_OBJECT_CONVERSION = YES_AGGRESSIVE;
				CLANG_CXX_LANGUAGE_STANDARD = "gnu++20";
				CLANG_ENABLE_MODULES = YES;
				CLANG_ENABLE_OBJC_ARC = YES;
				CLANG_ENABLE_OBJC_WEAK = YES;
				CLANG_WARN_BLOCK_CAPTURE_AUTORELEASING = YES;
				CLANG_WARN_BOOL_CONVERSION = YES;
				CLANG_WARN_COMMA = YES;
				CLANG_WARN_CONSTANT_CONVERSION = YES;
				CLANG_WARN_DEPRECATED_OBJC_IMPLEMENTATIONS = YES;
				CLANG_WARN_DIRECT_OBJC_ISA_USAGE = YES_ERROR;
				CLANG_WARN_DOCUMENTATION_COMMENTS = YES;
				CLANG_WARN_EMPTY_BODY = YES;
				CLANG_WARN_ENUM_CONVERSION = YES;
				CLANG_WARN_INFINITE_RECURSION = YES;
				CLANG_WARN_INT_CONVERSION = YES;
				CLANG_WARN_NON_LITERAL_NULL_CONVERSION = YES;
				CLANG_WARN_OBJC_IMPLICIT_RETAIN_SELF = YES;
				CLANG_WARN_OBJC_LITERAL_CONVERSION = YES;
				CLANG_WARN_OBJC_ROOT_CLASS = YES_ERROR;
				CLANG_WARN_QUOTED_INCLUDE_IN_FRAMEWORK_HEADER = YES;
				CLANG_WARN_RANGE_LOOP_ANALYSIS = YES;
				CLANG_WARN_STRICT_PROTOTYPES = YES;
				CLANG_WARN_SUSPICIOUS_MOVE = YES;
				CLANG_WARN_UNGUARDED_AVAILABILITY = YES_AGGRESSIVE;
				CLANG_WARN_UNREACHABLE_CODE = YES;
				CLANG_WARN__DUPLICATE_METHOD_MATCH = YES;
				COPY_PHASE_STRIP = NO;
				DEBUG_INFORMATION_FORMAT = dwarf;
				ENABLE_STRICT_OBJC_MSGSEND = YES;
				ENABLE_TESTABILITY = YES;
				GCC_C_LANGUAGE_STANDARD = gnu11;
				GCC_DYNAMIC_NO_PIC = NO;
				GCC_NO_COMMON_BLOCKS = YES;
				GCC_OPTIMIZATION_LEVEL = 0;
				GCC_PREPROCESSOR_DEFINITIONS = (
					"DEBUG=1",
					"$(inherited)",
				);
				GCC_WARN_64_TO_32_BIT_CONVERSION = YES;
				GCC_WARN_ABOUT_RETURN_TYPE = YES_ERROR;
				GCC_WARN_UNDECLARED_SELECTOR = YES;
				GCC_WARN_UNINITIALIZED_AUTOS = YES_AGGRESSIVE;
				GCC_WARN_UNUSED_FUNCTION = YES;
				GCC_WARN_UNUSED_VARIABLE = YES;
				IPHONEOS_DEPLOYMENT_TARGET = 16.4;
				MTL_ENABLE_DEBUG_INFO = INCLUDE_SOURCE;
				MTL_FAST_MATH = YES;
				ONLY_ACTIVE_ARCH = YES;
				SDKROOT = iphoneos;
				SWIFT_ACTIVE_COMPILATION_CONDITIONS = DEBUG;
				SWIFT_OPTIMIZATION_LEVEL = "-Onone";
			};
			name = Debug;
		};
		6438A92E2A1D7731006021DA /* Release */ = {
			isa = XCBuildConfiguration;
			buildSettings = {
				ALWAYS_SEARCH_USER_PATHS = NO;
				CLANG_ANALYZER_NONNULL = YES;
				CLANG_ANALYZER_NUMBER_OBJECT_CONVERSION = YES_AGGRESSIVE;
				CLANG_CXX_LANGUAGE_STANDARD = "gnu++20";
				CLANG_ENABLE_MODULES = YES;
				CLANG_ENABLE_OBJC_ARC = YES;
				CLANG_ENABLE_OBJC_WEAK = YES;
				CLANG_WARN_BLOCK_CAPTURE_AUTORELEASING = YES;
				CLANG_WARN_BOOL_CONVERSION = YES;
				CLANG_WARN_COMMA = YES;
				CLANG_WARN_CONSTANT_CONVERSION = YES;
				CLANG_WARN_DEPRECATED_OBJC_IMPLEMENTATIONS = YES;
				CLANG_WARN_DIRECT_OBJC_ISA_USAGE = YES_ERROR;
				CLANG_WARN_DOCUMENTATION_COMMENTS = YES;
				CLANG_WARN_EMPTY_BODY = YES;
				CLANG_WARN_ENUM_CONVERSION = YES;
				CLANG_WARN_INFINITE_RECURSION = YES;
				CLANG_WARN_INT_CONVERSION = YES;
				CLANG_WARN_NON_LITERAL_NULL_CONVERSION = YES;
				CLANG_WARN_OBJC_IMPLICIT_RETAIN_SELF = YES;
				CLANG_WARN_OBJC_LITERAL_CONVERSION = YES;
				CLANG_WARN_OBJC_ROOT_CLASS = YES_ERROR;
				CLANG_WARN_QUOTED_INCLUDE_IN_FRAMEWORK_HEADER = YES;
				CLANG_WARN_RANGE_LOOP_ANALYSIS = YES;
				CLANG_WARN_STRICT_PROTOTYPES = YES;
				CLANG_WARN_SUSPICIOUS_MOVE = YES;
				CLANG_WARN_UNGUARDED_AVAILABILITY = YES_AGGRESSIVE;
				CLANG_WARN_UNREACHABLE_CODE = YES;
				CLANG_WARN__DUPLICATE_METHOD_MATCH = YES;
				COPY_PHASE_STRIP = NO;
				DEBUG_INFORMATION_FORMAT = "dwarf-with-dsym";
				ENABLE_NS_ASSERTIONS = NO;
				ENABLE_STRICT_OBJC_MSGSEND = YES;
				GCC_C_LANGUAGE_STANDARD = gnu11;
				GCC_NO_COMMON_BLOCKS = YES;
				GCC_WARN_64_TO_32_BIT_CONVERSION = YES;
				GCC_WARN_ABOUT_RETURN_TYPE = YES_ERROR;
				GCC_WARN_UNDECLARED_SELECTOR = YES;
				GCC_WARN_UNINITIALIZED_AUTOS = YES_AGGRESSIVE;
				GCC_WARN_UNUSED_FUNCTION = YES;
				GCC_WARN_UNUSED_VARIABLE = YES;
				IPHONEOS_DEPLOYMENT_TARGET = 16.4;
				MTL_ENABLE_DEBUG_INFO = NO;
				MTL_FAST_MATH = YES;
				SDKROOT = iphoneos;
				SWIFT_COMPILATION_MODE = wholemodule;
				SWIFT_OPTIMIZATION_LEVEL = "-O";
				VALIDATE_PRODUCT = YES;
			};
			name = Release;
		};
		6438A9302A1D7731006021DA /* Debug */ = {
			isa = XCBuildConfiguration;
			buildSettings = {
				ASSETCATALOG_COMPILER_APPICON_NAME = AppIcon;
				ASSETCATALOG_COMPILER_GLOBAL_ACCENT_COLOR_NAME = AccentColor;
				CODE_SIGN_STYLE = Automatic;
				CURRENT_PROJECT_VERSION = 1;
				DEVELOPMENT_ASSET_PATHS = "\"HortCult/Preview Content\"";
				ENABLE_PREVIEWS = YES;
				GENERATE_INFOPLIST_FILE = YES;
				INFOPLIST_KEY_UIApplicationSceneManifest_Generation = YES;
				INFOPLIST_KEY_UIApplicationSupportsIndirectInputEvents = YES;
				INFOPLIST_KEY_UILaunchScreen_Generation = YES;
				INFOPLIST_KEY_UISupportedInterfaceOrientations_iPad = "UIInterfaceOrientationPortrait UIInterfaceOrientationPortraitUpsideDown UIInterfaceOrientationLandscapeLeft UIInterfaceOrientationLandscapeRight";
				INFOPLIST_KEY_UISupportedInterfaceOrientations_iPhone = "UIInterfaceOrientationPortrait UIInterfaceOrientationLandscapeLeft UIInterfaceOrientationLandscapeRight";
				IPHONEOS_DEPLOYMENT_TARGET = 16.0;
				LD_RUNPATH_SEARCH_PATHS = (
					"$(inherited)",
					"@executable_path/Frameworks",
				);
				MARKETING_VERSION = 1.0;
				PRODUCT_BUNDLE_IDENTIFIER = swiftui.HortCult;
				PRODUCT_NAME = "$(TARGET_NAME)";
				SUPPORTED_PLATFORMS = "iphoneos iphonesimulator";
				SUPPORTS_MACCATALYST = NO;
				SUPPORTS_MAC_DESIGNED_FOR_IPHONE_IPAD = NO;
				SWIFT_EMIT_LOC_STRINGS = YES;
				SWIFT_VERSION = 5.0;
				TARGETED_DEVICE_FAMILY = "1,2";
			};
			name = Debug;
		};
		6438A9312A1D7731006021DA /* Release */ = {
			isa = XCBuildConfiguration;
			buildSettings = {
				ASSETCATALOG_COMPILER_APPICON_NAME = AppIcon;
				ASSETCATALOG_COMPILER_GLOBAL_ACCENT_COLOR_NAME = AccentColor;
				CODE_SIGN_STYLE = Automatic;
				CURRENT_PROJECT_VERSION = 1;
				DEVELOPMENT_ASSET_PATHS = "\"HortCult/Preview Content\"";
				ENABLE_PREVIEWS = YES;
				GENERATE_INFOPLIST_FILE = YES;
				INFOPLIST_KEY_UIApplicationSceneManifest_Generation = YES;
				INFOPLIST_KEY_UIApplicationSupportsIndirectInputEvents = YES;
				INFOPLIST_KEY_UILaunchScreen_Generation = YES;
				INFOPLIST_KEY_UISupportedInterfaceOrientations_iPad = "UIInterfaceOrientationPortrait UIInterfaceOrientationPortraitUpsideDown UIInterfaceOrientationLandscapeLeft UIInterfaceOrientationLandscapeRight";
				INFOPLIST_KEY_UISupportedInterfaceOrientations_iPhone = "UIInterfaceOrientationPortrait UIInterfaceOrientationLandscapeLeft UIInterfaceOrientationLandscapeRight";
				IPHONEOS_DEPLOYMENT_TARGET = 16.0;
				LD_RUNPATH_SEARCH_PATHS = (
					"$(inherited)",
					"@executable_path/Frameworks",
				);
				MARKETING_VERSION = 1.0;
				PRODUCT_BUNDLE_IDENTIFIER = swiftui.HortCult;
				PRODUCT_NAME = "$(TARGET_NAME)";
				SUPPORTED_PLATFORMS = "iphoneos iphonesimulator";
				SUPPORTS_MACCATALYST = NO;
				SUPPORTS_MAC_DESIGNED_FOR_IPHONE_IPAD = NO;
				SWIFT_EMIT_LOC_STRINGS = YES;
				SWIFT_VERSION = 5.0;
				TARGETED_DEVICE_FAMILY = "1,2";
			};
			name = Release;
		};
/* End XCBuildConfiguration section */

/* Begin XCConfigurationList section */
		6438A9172A1D7730006021DA /* Build configuration list for PBXProject "HortCult" */ = {
			isa = XCConfigurationList;
			buildConfigurations = (
				6438A92D2A1D7731006021DA /* Debug */,
				6438A92E2A1D7731006021DA /* Release */,
			);
			defaultConfigurationIsVisible = 0;
			defaultConfigurationName = Release;
		};
		6438A92F2A1D7731006021DA /* Build configuration list for PBXNativeTarget "HortCult" */ = {
			isa = XCConfigurationList;
			buildConfigurations = (
				6438A9302A1D7731006021DA /* Debug */,
				6438A9312A1D7731006021DA /* Release */,
			);
			defaultConfigurationIsVisible = 0;
			defaultConfigurationName = Release;
		};
/* End XCConfigurationList section */

/* Begin XCVersionGroup section */
		6438A92A2A1D7731006021DA /* HortCult.xcdatamodeld */ = {
			isa = XCVersionGroup;
			children = (
				6438A92B2A1D7731006021DA /* HortCult.xcdatamodel */,
			);
			currentVersion = 6438A92B2A1D7731006021DA /* HortCult.xcdatamodel */;
			path = HortCult.xcdatamodeld;
			sourceTree = "<group>";
			versionGroupType = wrapper.xcdatamodel;
		};
/* End XCVersionGroup section */
	};
	rootObject = 6438A9142A1D7730006021DA /* Project object */;
}
